<?xml version="1.0" encoding="UTF-8"?>
<CONFIG>
  <ProjectOptions>
    <Version Value="11"/>
    <General>
      <Flags>
        <MainUnitHasUsesSectionForAllUnits Value="False"/>
      </Flags>
      <SessionStorage Value="InProjectDir"/>
      <MainUnit Value="0"/>
      <AutoCreateForms Value="False"/>
      <Title Value="mlsde"/>
      <ResourceType Value="res"/>
      <UseXPManifest Value="True"/>
      <XPManifest>
        <TextName Value="mlsde"/>
        <TextDesc Value="Flexible Development Environment"/>
      </XPManifest>
    </General>
    <i18n>
      <EnableI18N Value="True"/>
      <OutDir Value="../bin/languages"/>
    </i18n>
    <VersionInfo>
      <UseVersionInfo Value="True"/>
      <MajorVersionNr Value="1"/>
      <Attributes pvaDebug="True" pvaPreRelease="True"/>
      <StringTable Comments="Early development" CompanyName="Guillermo Martínez J." LegalCopyright="(c) Guillermo Martínez 2018-2020" ProductName="MultiLanguage Srcriptable Development Environment" ProductVersion="1.a.0.0"/>
    </VersionInfo>
    <BuildModes Count="2">
      <Item1 Name="Debug" Default="True"/>
      <Item2 Name="Release">
        <CompilerOptions>
          <Version Value="11"/>
          <Target>
            <Filename Value="../bin/mlsde"/>
          </Target>
          <SearchPaths>
            <IncludeFiles Value="$(ProjOutDir)"/>
            <OtherUnitFiles Value="configurationdialog;gui;syntax"/>
            <UnitOutputDirectory Value="../obj"/>
          </SearchPaths>
          <Parsing>
            <SyntaxOptions>
              <CStyleOperator Value="False"/>
              <AllowLabel Value="False"/>
              <CPPInline Value="False"/>
            </SyntaxOptions>
          </Parsing>
          <CodeGeneration>
            <SmartLinkUnit Value="True"/>
            <Optimizations>
              <OptimizationLevel Value="3"/>
            </Optimizations>
          </CodeGeneration>
          <Linking>
            <Debugging>
              <GenerateDebugInfo Value="False"/>
              <StripSymbols Value="True"/>
            </Debugging>
            <LinkSmart Value="True"/>
            <Options>
              <Win32>
                <GraphicApplication Value="True"/>
              </Win32>
            </Options>
          </Linking>
        </CompilerOptions>
      </Item2>
    </BuildModes>
    <PublishOptions>
      <Version Value="2"/>
    </PublishOptions>
    <RunParams>
      <FormatVersion Value="2"/>
      <Modes Count="1">
        <Mode0 Name="default">
          <local>
            <CommandLineParams Value="C:/programacion/test/"/>
          </local>
        </Mode0>
      </Modes>
    </RunParams>
    <RequiredPackages Count="3">
      <Item1>
        <PackageName Value="SynEdit"/>
      </Item1>
      <Item2>
        <PackageName Value="LazControls"/>
      </Item2>
      <Item3>
        <PackageName Value="LCL"/>
      </Item3>
    </RequiredPackages>
    <Units Count="25">
      <Unit0>
        <Filename Value="mlsde.lpr"/>
        <IsPartOfProject Value="True"/>
      </Unit0>
      <Unit1>
        <Filename Value="mainform.pas"/>
        <IsPartOfProject Value="True"/>
        <ComponentName Value="MainWindow"/>
        <HasResources Value="True"/>
        <ResourceBaseClass Value="Form"/>
        <UnitName Value="MainForm"/>
      </Unit1>
      <Unit2>
        <Filename Value="project.pas"/>
        <IsPartOfProject Value="True"/>
        <UnitName Value="Project"/>
      </Unit2>
      <Unit3>
        <Filename Value="main.pas"/>
        <IsPartOfProject Value="True"/>
        <UnitName Value="Main"/>
      </Unit3>
      <Unit4>
        <Filename Value="configurationdialog/configurationdialogform.pas"/>
        <IsPartOfProject Value="True"/>
        <ComponentName Value="ConfigurationDlg"/>
        <HasResources Value="True"/>
        <ResourceBaseClass Value="Form"/>
        <UnitName Value="ConfigurationDialogForm"/>
      </Unit4>
      <Unit5>
        <Filename Value="gui/guiutils.pas"/>
        <IsPartOfProject Value="True"/>
        <UnitName Value="GUIUtils"/>
      </Unit5>
      <Unit6>
        <Filename Value="configurationdialog/configurationdialogframe.pas"/>
        <IsPartOfProject Value="True"/>
        <ComponentName Value="ConfigurationFrame"/>
        <HasResources Value="True"/>
        <ResourceBaseClass Value="Frame"/>
        <UnitName Value="ConfigurationDialogFrame"/>
      </Unit6>
      <Unit7>
        <Filename Value="configurationdialog/configurationframeenvironment.pas"/>
        <IsPartOfProject Value="True"/>
        <ComponentName Value="EnvironmentConfigurationFrame"/>
        <HasResources Value="True"/>
        <ResourceBaseClass Value="Frame"/>
        <UnitName Value="ConfigurationFrameEnvironment"/>
      </Unit7>
      <Unit8>
        <Filename Value="aboutdlg.pas"/>
        <IsPartOfProject Value="True"/>
        <ComponentName Value="AboutDialog"/>
        <HasResources Value="True"/>
        <ResourceBaseClass Value="Form"/>
        <UnitName Value="AboutDlg"/>
      </Unit8>
      <Unit9>
        <Filename Value="globaldatamodule.pas"/>
        <IsPartOfProject Value="True"/>
        <ComponentName Value="GlobalData"/>
        <HasResources Value="True"/>
        <ResourceBaseClass Value="DataModule"/>
        <UnitName Value="GlobalDataModule"/>
      </Unit9>
      <Unit10>
        <Filename Value="projectviewframe.pas"/>
        <IsPartOfProject Value="True"/>
        <ComponentName Value="ProjectView"/>
        <HasResources Value="True"/>
        <ResourceBaseClass Value="Frame"/>
        <UnitName Value="ProjectViewFrame"/>
      </Unit10>
      <Unit11>
        <Filename Value="configuration.pas"/>
        <IsPartOfProject Value="True"/>
        <UnitName Value="Configuration"/>
      </Unit11>
      <Unit12>
        <Filename Value="configurationdialog/configurationframeproject.pas"/>
        <IsPartOfProject Value="True"/>
        <ComponentName Value="ProjectConfigurationFrame"/>
        <HasResources Value="True"/>
        <ResourceBaseClass Value="Frame"/>
        <UnitName Value="ConfigurationFrameProject"/>
      </Unit12>
      <Unit13>
        <Filename Value="gui/progressdialogform.pas"/>
        <IsPartOfProject Value="True"/>
        <ComponentName Value="ProgressDlg"/>
        <HasResources Value="True"/>
        <ResourceBaseClass Value="Form"/>
        <UnitName Value="ProgressDialogForm"/>
      </Unit13>
      <Unit14>
        <Filename Value="editorframe.pas"/>
        <IsPartOfProject Value="True"/>
        <ComponentName Value="SourceEditorFrame"/>
        <HasResources Value="True"/>
        <ResourceBaseClass Value="Frame"/>
        <UnitName Value="EditorFrame"/>
      </Unit14>
      <Unit15>
        <Filename Value="utils.pas"/>
        <IsPartOfProject Value="True"/>
        <UnitName Value="Utils"/>
      </Unit15>
      <Unit16>
        <Filename Value="osutils.pas"/>
        <IsPartOfProject Value="True"/>
        <UnitName Value="osUtils"/>
      </Unit16>
      <Unit17>
        <Filename Value="syntax/syntaxhighlighting.pas"/>
        <IsPartOfProject Value="True"/>
        <UnitName Value="SyntaxHighlighting"/>
      </Unit17>
      <Unit18>
        <Filename Value="configurationdialog/configurationframeeditor.pas"/>
        <IsPartOfProject Value="True"/>
        <ComponentName Value="EditorConfigurationFrame"/>
        <HasResources Value="True"/>
        <ResourceBaseClass Value="Frame"/>
        <UnitName Value="ConfigurationFrameEditor"/>
      </Unit18>
      <Unit19>
        <Filename Value="syntax/mlsdehighlighter.pas"/>
        <IsPartOfProject Value="True"/>
        <UnitName Value="MLSDEHighlighter"/>
      </Unit19>
      <Unit20>
        <Filename Value="syntax/mlsdehighlighterini.pas"/>
        <IsPartOfProject Value="True"/>
        <UnitName Value="MLSDEHighlighterINI"/>
      </Unit20>
      <Unit21>
        <Filename Value="syntax/mlsdehighlightermlsde.pas"/>
        <IsPartOfProject Value="True"/>
        <UnitName Value="MLSDEHighlighterMLSDE"/>
      </Unit21>
      <Unit22>
        <Filename Value="syntax/languageselectordialogform.pas"/>
        <IsPartOfProject Value="True"/>
        <ComponentName Value="LanguageSelectorDlg"/>
        <HasResources Value="True"/>
        <ResourceBaseClass Value="Form"/>
        <UnitName Value="LanguageSelectorDialogform"/>
      </Unit22>
      <Unit23>
        <Filename Value="syntax/colorschemaframe.pas"/>
        <IsPartOfProject Value="True"/>
        <ComponentName Value="ColorShcemaEditor"/>
        <HasResources Value="True"/>
        <ResourceBaseClass Value="Frame"/>
        <UnitName Value="ColorSchemaFrame"/>
      </Unit23>
      <Unit24>
        <Filename Value="syntax/mlsdecustomhighlighter.pas"/>
        <IsPartOfProject Value="True"/>
        <UnitName Value="MLSDECustomHighlighter"/>
      </Unit24>
    </Units>
  </ProjectOptions>
  <CompilerOptions>
    <Version Value="11"/>
    <Target>
      <Filename Value="../bin/mlsde"/>
    </Target>
    <SearchPaths>
      <IncludeFiles Value="$(ProjOutDir)"/>
      <OtherUnitFiles Value="configurationdialog;gui;syntax"/>
      <UnitOutputDirectory Value="../obj"/>
    </SearchPaths>
    <Parsing>
      <SyntaxOptions>
        <CStyleOperator Value="False"/>
        <IncludeAssertionCode Value="True"/>
        <AllowLabel Value="False"/>
      </SyntaxOptions>
    </Parsing>
    <CodeGeneration>
      <Checks>
        <IOChecks Value="True"/>
        <RangeChecks Value="True"/>
        <OverflowChecks Value="True"/>
        <StackChecks Value="True"/>
      </Checks>
      <VerifyObjMethodCallValidity Value="True"/>
    </CodeGeneration>
    <Linking>
      <Debugging>
        <DebugInfoType Value="dsDwarf2Set"/>
        <UseHeaptrc Value="True"/>
        <TrashVariables Value="True"/>
        <UseExternalDbgSyms Value="True"/>
      </Debugging>
      <Options>
        <Win32>
          <GraphicApplication Value="True"/>
        </Win32>
      </Options>
    </Linking>
  </CompilerOptions>
</CONFIG>
